
Microsoft Visual Studio Solution File, Format Version 12.00
# Visual Studio Version 18
VisualStudioVersion = 18.3.11512.155
MinimumVisualStudioVersion = 10.0.40219.1
Project("{2150E333-8FDC-42A3-9474-1A3956D46DE8}") = "Itens de Solução", "Itens de Solução", "{A2EC48C0-B2FE-423C-AD3B-1A49EC0D05B7}"
EndProject
Project("{FAE04EC0-301F-11D3-BF4B-00C04F79EFBC}") = "AgenteEstudos.Console", "src\AgenteEstudos.Console\AgenteEstudos.Console.csproj", "{90D4D211-88C5-E9A5-D5B3-51AA478F4C4E}"
EndProject
Global
	GlobalSection(SolutionConfigurationPlatforms) = preSolution
		Debug|Any CPU = Debug|Any CPU
		Release|Any CPU = Release|Any CPU
	EndGlobalSection
	GlobalSection(ProjectConfigurationPlatforms) = postSolution
		{90D4D211-88C5-E9A5-D5B3-51AA478F4C4E}.Debug|Any CPU.ActiveCfg = Debug|Any CPU
		{90D4D211-88C5-E9A5-D5B3-51AA478F4C4E}.Debug|Any CPU.Build.0 = Debug|Any CPU
		{90D4D211-88C5-E9A5-D5B3-51AA478F4C4E}.Release|Any CPU.ActiveCfg = Release|Any CPU
		{90D4D211-88C5-E9A5-D5B3-51AA478F4C4E}.Release|Any CPU.Build.0 = Release|Any CPU
	EndGlobalSection
	GlobalSection(SolutionProperties) = preSolution
		HideSolutionNode = FALSE
	EndGlobalSection
	GlobalSection(ExtensibilityGlobals) = postSolution
		SolutionGuid = {391DA88D-FBE3-4346-9A1A-0523FA9AD33F}
	EndGlobalSection
EndGlobal
